
Microsoft Visual Studio Solution File, Format Version 12.00
# Visual Studio 15
VisualStudioVersion = 15.0.27004.2006
MinimumVisualStudioVersion = 10.0.40219.1
Project("{FAE04EC0-301F-11D3-BF4B-00C04F79EFBC}") = "MiniJournal.Application", "Source\MiniJournal.Application\MiniJournal.Application.csproj", "{BAE9F7CB-8AFC-4598-B2BF-4E13FA84AE64}"
EndProject
Project("{FAE04EC0-301F-11D3-BF4B-00C04F79EFBC}") = "MiniJournal.Contracts", "Source\MiniJournal.Contracts\MiniJournal.Contracts.csproj", "{5D8FF6E0-8586-41F8-AEA6-4EE8C5132144}"
EndProject
Project("{FAE04EC0-301F-11D3-BF4B-00C04F79EFBC}") = "MiniJournal.Dal", "Source\MiniJournal.Dal\MiniJournal.Dal.csproj", "{BAB72108-4A09-487C-9C6E-D9D3B9CFACB0}"
EndProject
Project("{FAE04EC0-301F-11D3-BF4B-00C04F79EFBC}") = "MiniJournal.Service", "Source\MiniJournal.Service\MiniJournal.Service.csproj", "{C7C70F46-2299-43DC-AD16-CADA447F3B02}"
EndProject
Project("{FAE04EC0-301F-11D3-BF4B-00C04F79EFBC}") = "MiniJournal.Service.Tests", "Source\MiniJournal.Service.Tests\MiniJournal.Service.Tests.csproj", "{C5E82023-2BD5-48D3-ABC1-4DD8010D1FB8}"
EndProject
Project("{FAE04EC0-301F-11D3-BF4B-00C04F79EFBC}") = "MiniJournal.Application.Tests", "Source\MiniJournal.Application.Tests\MiniJournal.Application.Tests.csproj", "{E2593FBD-CE49-4F29-B74F-E957F2045748}"
EndProject
Project("{FAE04EC0-301F-11D3-BF4B-00C04F79EFBC}") = "MiniJournal.Models", "Source\MiniJournal.Models\MiniJournal.Models.csproj", "{BFA49D85-EA09-435D-83DC-973C7B8BF223}"
EndProject
Project("{FAE04EC0-301F-11D3-BF4B-00C04F79EFBC}") = "MiniJournal.Specs", "Source\MiniJournal.Specs\MiniJournal.Specs.csproj", "{1AA31A00-ABA5-44C5-8CCE-FAE2F6629DC9}"
EndProject
Global
	GlobalSection(SolutionConfigurationPlatforms) = preSolution
		Debug|Any CPU = Debug|Any CPU
		Release|Any CPU = Release|Any CPU
	EndGlobalSection
	GlobalSection(ProjectConfigurationPlatforms) = postSolution
		{BAE9F7CB-8AFC-4598-B2BF-4E13FA84AE64}.Debug|Any CPU.ActiveCfg = Debug|Any CPU
		{BAE9F7CB-8AFC-4598-B2BF-4E13FA84AE64}.Debug|Any CPU.Build.0 = Debug|Any CPU
		{BAE9F7CB-8AFC-4598-B2BF-4E13FA84AE64}.Release|Any CPU.ActiveCfg = Release|Any CPU
		{BAE9F7CB-8AFC-4598-B2BF-4E13FA84AE64}.Release|Any CPU.Build.0 = Release|Any CPU
		{5D8FF6E0-8586-41F8-AEA6-4EE8C5132144}.Debug|Any CPU.ActiveCfg = Debug|Any CPU
		{5D8FF6E0-8586-41F8-AEA6-4EE8C5132144}.Debug|Any CPU.Build.0 = Debug|Any CPU
		{5D8FF6E0-8586-41F8-AEA6-4EE8C5132144}.Release|Any CPU.ActiveCfg = Release|Any CPU
		{5D8FF6E0-8586-41F8-AEA6-4EE8C5132144}.Release|Any CPU.Build.0 = Release|Any CPU
		{BAB72108-4A09-487C-9C6E-D9D3B9CFACB0}.Debug|Any CPU.ActiveCfg = Debug|Any CPU
		{BAB72108-4A09-487C-9C6E-D9D3B9CFACB0}.Debug|Any CPU.Build.0 = Debug|Any CPU
		{BAB72108-4A09-487C-9C6E-D9D3B9CFACB0}.Release|Any CPU.ActiveCfg = Release|Any CPU
		{BAB72108-4A09-487C-9C6E-D9D3B9CFACB0}.Release|Any CPU.Build.0 = Release|Any CPU
		{C7C70F46-2299-43DC-AD16-CADA447F3B02}.Debug|Any CPU.ActiveCfg = Debug|Any CPU
		{C7C70F46-2299-43DC-AD16-CADA447F3B02}.Debug|Any CPU.Build.0 = Debug|Any CPU
		{C7C70F46-2299-43DC-AD16-CADA447F3B02}.Release|Any CPU.ActiveCfg = Release|Any CPU
		{C7C70F46-2299-43DC-AD16-CADA447F3B02}.Release|Any CPU.Build.0 = Release|Any CPU
		{C5E82023-2BD5-48D3-ABC1-4DD8010D1FB8}.Debug|Any CPU.ActiveCfg = Debug|Any CPU
		{C5E82023-2BD5-48D3-ABC1-4DD8010D1FB8}.Debug|Any CPU.Build.0 = Debug|Any CPU
		{C5E82023-2BD5-48D3-ABC1-4DD8010D1FB8}.Release|Any CPU.ActiveCfg = Release|Any CPU
		{C5E82023-2BD5-48D3-ABC1-4DD8010D1FB8}.Release|Any CPU.Build.0 = Release|Any CPU
		{E2593FBD-CE49-4F29-B74F-E957F2045748}.Debug|Any CPU.ActiveCfg = Debug|Any CPU
		{E2593FBD-CE49-4F29-B74F-E957F2045748}.Debug|Any CPU.Build.0 = Debug|Any CPU
		{E2593FBD-CE49-4F29-B74F-E957F2045748}.Release|Any CPU.ActiveCfg = Release|Any CPU
		{E2593FBD-CE49-4F29-B74F-E957F2045748}.Release|Any CPU.Build.0 = Release|Any CPU
		{BFA49D85-EA09-435D-83DC-973C7B8BF223}.Debug|Any CPU.ActiveCfg = Debug|Any CPU
		{BFA49D85-EA09-435D-83DC-973C7B8BF223}.Debug|Any CPU.Build.0 = Debug|Any CPU
		{BFA49D85-EA09-435D-83DC-973C7B8BF223}.Release|Any CPU.ActiveCfg = Release|Any CPU
		{BFA49D85-EA09-435D-83DC-973C7B8BF223}.Release|Any CPU.Build.0 = Release|Any CPU
		{1AA31A00-ABA5-44C5-8CCE-FAE2F6629DC9}.Debug|Any CPU.ActiveCfg = Debug|Any CPU
		{1AA31A00-ABA5-44C5-8CCE-FAE2F6629DC9}.Debug|Any CPU.Build.0 = Debug|Any CPU
		{1AA31A00-ABA5-44C5-8CCE-FAE2F6629DC9}.Release|Any CPU.ActiveCfg = Release|Any CPU
		{1AA31A00-ABA5-44C5-8CCE-FAE2F6629DC9}.Release|Any CPU.Build.0 = Release|Any CPU
	EndGlobalSection
	GlobalSection(SolutionProperties) = preSolution
		HideSolutionNode = FALSE
	EndGlobalSection
	GlobalSection(ExtensibilityGlobals) = postSolution
		SolutionGuid = {76392777-9A4B-46C1-9C72-320E33B6A61E}
	EndGlobalSection
EndGlobal
