
Microsoft Visual Studio Solution File, Format Version 12.00
# Visual Studio 15
VisualStudioVersion = 15.0.27004.2006
MinimumVisualStudioVersion = 10.0.40219.1
Project("{FAE04EC0-301F-11D3-BF4B-00C04F79EFBC}") = "MiniJournal.Application", "Source\MiniJournal.Application\MiniJournal.Application.csproj", "{BAE9F7CB-8AFC-4598-B2BF-4E13FA84AE64}"
EndProject
Project("{FAE04EC0-301F-11D3-BF4B-00C04F79EFBC}") = "MiniJournal.Core", "Source\MiniJournal.Core\MiniJournal.Core.csproj", "{A91EAD1C-2F9C-4A29-9662-DA62284799E4}"
EndProject
Project("{FAE04EC0-301F-11D3-BF4B-00C04F79EFBC}") = "MiniJournal.Core.Tests", "Source\MiniJournal.Core.Tests\MiniJournal.Core.Tests.csproj", "{8DAE7E20-90E3-4821-BFE5-0743F0D70095}"
EndProject
Global
	GlobalSection(SolutionConfigurationPlatforms) = preSolution
		Debug|Any CPU = Debug|Any CPU
		Release|Any CPU = Release|Any CPU
	EndGlobalSection
	GlobalSection(ProjectConfigurationPlatforms) = postSolution
		{BAE9F7CB-8AFC-4598-B2BF-4E13FA84AE64}.Debug|Any CPU.ActiveCfg = Debug|Any CPU
		{BAE9F7CB-8AFC-4598-B2BF-4E13FA84AE64}.Debug|Any CPU.Build.0 = Debug|Any CPU
		{BAE9F7CB-8AFC-4598-B2BF-4E13FA84AE64}.Release|Any CPU.ActiveCfg = Release|Any CPU
		{BAE9F7CB-8AFC-4598-B2BF-4E13FA84AE64}.Release|Any CPU.Build.0 = Release|Any CPU
		{A91EAD1C-2F9C-4A29-9662-DA62284799E4}.Debug|Any CPU.ActiveCfg = Debug|Any CPU
		{A91EAD1C-2F9C-4A29-9662-DA62284799E4}.Debug|Any CPU.Build.0 = Debug|Any CPU
		{A91EAD1C-2F9C-4A29-9662-DA62284799E4}.Release|Any CPU.ActiveCfg = Release|Any CPU
		{A91EAD1C-2F9C-4A29-9662-DA62284799E4}.Release|Any CPU.Build.0 = Release|Any CPU
		{8DAE7E20-90E3-4821-BFE5-0743F0D70095}.Debug|Any CPU.ActiveCfg = Debug|Any CPU
		{8DAE7E20-90E3-4821-BFE5-0743F0D70095}.Debug|Any CPU.Build.0 = Debug|Any CPU
		{8DAE7E20-90E3-4821-BFE5-0743F0D70095}.Release|Any CPU.ActiveCfg = Release|Any CPU
		{8DAE7E20-90E3-4821-BFE5-0743F0D70095}.Release|Any CPU.Build.0 = Release|Any CPU
	EndGlobalSection
	GlobalSection(SolutionProperties) = preSolution
		HideSolutionNode = FALSE
	EndGlobalSection
	GlobalSection(ExtensibilityGlobals) = postSolution
		SolutionGuid = {76392777-9A4B-46C1-9C72-320E33B6A61E}
	EndGlobalSection
EndGlobal
